{
  "name": "api-pdv",
  "version": "1.0.0",
  "lockfileVersion": 3,
  "requires": true,
  "packages": {
    "": {
      "name": "api-pdv",
      "version": "1.0.0",
      "dependencies": {
        "aws-sdk": "^2.1651.0",
        "bcrypt": "^5.0.1",
        "dotenv": "^10.0.0",
        "express": "^4.17.1",
        "jsonwebtoken": "^8.5.1",
        "knex": "^0.95.6",
        "multer": "^1.4.5-lts.1",
        "pg": "^8.5.1"
      },
      "devDependencies": {
        "nodemon": "^2.0.22"
      }
    },
    "node_modules/@mapbox/node-pre-gyp": {
      "version": "1.0.11",
      "resolved": "https://registry.npmjs.org/@mapbox/node-pre-gyp/-/node-pre-gyp-1.0.11.tgz",
      "integrity": "sha512-Yhlar6v9WQgUp/He7BdgzOz8lqMQ8U+jkCq7Wx8Myc5YFJLbEe7lgui/V7G1qB1DJykHSGwreceSaD60Y0PUQ==",
      "dependencies": {
        "detect-libc": "^2.0.0",
        "https-proxy-agent": "^5.0.0",
        "make-dir": "^3.1.0",
        "node-fetch": "^2.6.7",
        "nopt": "^5.0.0",
        "npmlog": "^5.0.1",
        "rimraf": "^3.0.2",
        "semver": "^7.3.5",
        "tar": "^6.1.11"
      },
      "bin": {
        "node-pre-gyp": "bin/node-pre-gyp"
      }
    },
    "node_modules/abbrev": {
      "version": "1.1.1",
      "resolved": "https://registry.npmjs.org/abbrev/-/abbrev-1.1.1.tgz",
      "integrity": "sha512-nne9/IiQ/hzIhY6pdDnbBtz7DjPTKrY00P/zvPSm5pOFkl6xuGrGnXn/VtTNNfNtAfZ9/1RtehkszU9qcTii0Q=="
    },
    "node_modules/accepts": {
      "version": "1.3.8",
      "resolved": "https://registry.npmjs.org/accepts/-/accepts-1.3.8.tgz",
      "integrity": "sha512-PYAthTa2m2VKxuvSD3DPC/Gy+U+sOA1LAuT8mkmRuvw+NACSaeXEQ+NHcVF7rONl6qcaxV3Uuemwawk+7+SJLw==",
      "dependencies": {
        "mime-types": "~2.1.34",
        "negotiator": "0.6.3"
      },
      "engines": {
        "node": ">= 0.6"
      }
    },
    "node_modules/agent-base": {
      "version": "6.0.2",
      "resolved": "https://registry.npmjs.org/agent-base/-/agent-base-6.0.2.tgz",
      "integrity": "sha512-RZNwNclF7+MS/8bDg70amg32dyeZGZxiDuQmZxKLAlQjr3jGyLx+4Kkk58UO7D2QdgFIQCovuSuZESne6RG6XQ==",
      "dependencies": {
        "debug": "4"
      },
      "engines": {
        "node": ">= 6.0.0"
      }
    },
    "node_modules/agent-base/node_modules/debug": {
      "version": "4.3.5",
      "resolved": "https://registry.npmjs.org/debug/-/debug-4.3.5.tgz",
      "integrity": "sha512-pt0bNEmneDIvdL1Xsd9oDQ/wrQRkXDT4AUWlNZNPKvW5x/jyO9VFXkJUP07vQ2upmw5PlaITaPKc31jK13V+jg==",
      "dependencies": {
        "ms": "2.1.2"
      },
      "engines": {
        "node": ">=6.0"
      },
      "peerDependenciesMeta": {
        "supports-color": {
          "optional": true
        }
      }
    },
    "node_modules/agent-base/node_modules/ms": {
      "version": "2.1.2",
      "resolved": "https://registry.npmjs.org/ms/-/ms-2.1.2.tgz",
      "integrity": "sha512-sGkPx+VjMtmA6MX27oA4FBFELFCZZ4S4XqeGOXCv68tT+jb3vk/RyaKWP0PTKyWtmLSM0b+adUTEvbs1PEaH2w=="
    },
    "node_modules/ansi-regex": {
      "version": "5.0.1",
      "resolved": "https://registry.npmjs.org/ansi-regex/-/ansi-regex-5.0.1.tgz",
      "integrity": "sha512-quJQXlTSUGL2LH9SUXo8VwsY4soanhgo6LNSm84E1LBcE8s3O0wpdiRzyR9z/ZZJMlMWv37qOOb9pdJlMUEKFQ==",
      "engines": {
        "node": ">=8"
      }
    },
    "node_modules/anymatch": {
      "version": "3.1.3",
      "resolved": "https://registry.npmjs.org/anymatch/-/anymatch-3.1.3.tgz",
      "integrity": "sha512-KMReFUr0B4t+D+OBkjR3KYqvocp2XaSzO55UcB6mgQMd3KbcE+mWTyvVV7D/zsdEbNnV6acZUutkiHQXvTr1Rw==",
      "dev": true,
      "dependencies": {
        "normalize-path": "^3.0.0",
        "picomatch": "^2.0.4"
      },
      "engines": {
        "node": ">= 8"
      }
    },
    "node_modules/append-field": {
      "version": "1.0.0",
      "resolved": "https://registry.npmjs.org/append-field/-/append-field-1.0.0.tgz",
      "integrity": "sha512-klpgFSWLW1ZEs8svjfb7g4qWY0YS5imI82dTg+QahUvJ8YqAY0P10Uk8tTyh9ZGuYEZEMaeJYCF5BFuX552hsw=="
    },
    "node_modules/aproba": {
      "version": "2.0.0",
      "resolved": "https://registry.npmjs.org/aproba/-/aproba-2.0.0.tgz",
      "integrity": "sha512-lYe4Gx7QT+MKGbDsA+Z+he/Wtef0BiwDOlK/XkBrdfsh9J/jPPXbX0tE9x9cl27Tmu5gg3QUbUrQYa/y+KOHPQ=="
    },
    "node_modules/are-we-there-yet": {
      "version": "2.0.0",
      "resolved": "https://registry.npmjs.org/are-we-there-yet/-/are-we-there-yet-2.0.0.tgz",
      "integrity": "sha512-nbYk/uxEd3+clCMddACbtavZ3wZOTIbW8JmssPVz4Su6j2rR4fdhG56xsT+QUmoDAn6bMRlNdHkxgK+/YigXaA==",
      "dependencies": {
        "delegates": "^1.0.0",
        "readable-stream": "^3.6.0"
      },
      "engines": {
        "node": ">= 10"
      }
    },
    "node_modules/async": {
      "version": "3.2.4",
      "resolved": "https://registry.npmjs.org/async/-/async-3.2.4.tgz",
      "integrity": "sha512-iAB+JHCL6H9hDjJ2Vgf4g4bdDW3Fe0gE8H5n2FWOu+0uVF92aJ3DY9sHM+0m2ZSKsE4GlzBr4//NdT94R6U9ow=="
    },
    "node_modules/aws-sdk": {
      "version": "2.1651.0",
      "resolved": "https://registry.npmjs.org/aws-sdk/-/aws-sdk-2.1651.0.tgz",
      "integrity": "sha512-XyHnIEZbA5VSzMmZT4aUQISl+9m+8t8gUtWUTlMVIStD+vEEizPSnTkbxdsyIkd/fqnmWodnBOovj2QIswU6oA==",
      "dependencies": {
        "buffer": ">=4.9.1",
        "events": ">=1.1.1",
        "ieee754": ">=1.1.8",
        "jmespath": "0.15.0",
        "querystring": ">=0.2.0",
        "sax": "1.2.1",
        "url": ">=0.10.3",
        "xml2js": "0.4.19",
        "xmlbuilder": "11.0.1"
      },
      "engines": {
        "node": ">=6.0.0"
      }
    },
    "node_modules/aws-sign2": {
      "version": "0.7.0",
      "resolved": "https://registry.npmjs.org/aws-sign2/-/aws-sign2-0.7.0.tgz",
      "integrity": "sha512-6/5+Jy3IQT+8BSKkP5Ibh9dH9aPXeRKnTZ4pS3VhK8IuALp8ZZTL7ik4ibUy+0mIEe+JvOqejKQElFsY5RErGw=="
    },
    "node_modules/awssum": {
      "version": "0.0.3",
      "resolved": "https://registry.npmjs.org/awssum/-/awssum-0.0.3.tgz",
      "integrity": "sha512-np7/SX+DCy7qql2D6H6rN0RP8hR9E31lg++8BNKH/67DJazS2EtvCPE+ezwNGOXjH3z+CVwbMe15s8T6Fx+22Q=="
    },
    "node_modules/awssum-amazon": {
      "version": "0.0.3",
      "resolved": "https://registry.npmjs.org/awssum-amazon/-/awssum-amazon-0.0.3.tgz",
      "integrity": "sha512-KZ7KeCJnKgRYWe4bHp4c3T8N48TSa/8CqYQ+P7C/CU27PrTkEbeLOgG09SovcWGRhmIkisgcbp5ThXZ2Rfo4NA=="
    },
    "node_modules/awssum-amazon-dynamodb": {
      "version": "0.0.3",
      "resolved": "https://registry.npmjs.org/awssum-amazon-dynamodb/-/awssum-amazon-dynamodb-0.0.3.tgz",
      "integrity": "sha512-GigktYa+bsOWfU4XQ/KmPZgiZoOYwW+TDm4CRd+yD77M8bLkA8fp1/Bx8yo/pgrjo3TzSbK6aEHfIkREaP4Xkw=="
    },
    "node_modules/awssum-amazon-s3": {
      "version": "0.0.3",
      "resolved": "https://registry.npmjs.org/awssum-amazon-s3/-/awssum-amazon-s3-0.0.3.tgz",
      "integrity": "sha512-TPF1Ab3KiITfyydMJwduLA5dgv99biS90AzMRrHlAc5V9R+oDmlTk6OXr+AHvKz4D6jVwVJbcafkxROvJrMYOw=="
    },
    "node_modules/bcrypt": {
      "version": "5.0.1",
      "resolved": "https://registry.npmjs.org/bcrypt/-/bcrypt-5.0.1.tgz",
      "integrity": "sha512-wZV2C4yARVZcDYJixdQllIVD0sWf/JUJcS1rVuNfPYM9h1f+mt0N+fC9cOFJ0s4sgGk1FCzZAyhT3epO+H7k6g==",
      "dependencies": {
        "node-pre-gyp": "^1.0.0"
      }
    },
    "node_modules/bcrypt/node_modules/minimist": {
      "version": "1.2.8",
      "resolved": "https://registry.npmjs.org/minimist/-/minimist-1.2.8.tgz",
      "integrity": "sha512-2yy8s4GqH3vD4KyQZ2T6N/GHPM0scuGHjXtbk35ES8As3szI+T+f8L+zYYFtHcNj70hRYaY2ElBBXWZCSN5pZA=="
    },
    "node_modules/body-parser": {
      "version": "1.19.0",
      "resolved": "https://registry.npmjs.org/body-parser/-/body-parser-1.19.0.tgz",
      "integrity": "sha512-HQFrNxsm2h8eTA5oRzl+AqDvxWfktlkf79oc71ph2Yv+U5p3mgfUuKqlbyPeefQJUF02mXK0n0QP8qS1n5hCZA==",
      "dependencies": {
        "bytes": "3.1.0",
        "content-type": "~1.0.4",
        "debug": "2.6.9",
        "depd": "~1.1.2",
        "http-errors": "1.7.2",
        "iconv-lite": "0.4.24",
        "on-finished": "~2.3.0",
        "qs": "6.7.0",
        "raw-body": "2.4.0",
        "type-is": "~1.6.18"
      },
      "engines": {
        "node": ">= 0.8"
      }
    },
    "node_modules/body-parser/node_modules/debug": {
      "version": "2.6.9",
      "resolved": "https://registry.npmjs.org/debug/-/debug-2.6.9.tgz",
      "integrity": "sha512-loRI7DkuDlL8K2FhoV+2hgIlaZN0cphibSf9ga6znt5T1h4giVeJkKNVbBbs1lCu2wEG7o2hxhZHtAyYA/+kVw==",
      "dependencies": {
        "ms": "2.0.0"
      },
      "engines": {
        "node": ">=4.0.0"
      }
    },
    "node_modules/body-parser/node_modules/ms": {
      "version": "2.0.0",
      "resolved": "https://registry.npmjs.org/ms/-/ms-2.0.0.tgz",
      "integrity": "sha512-TppR2yyDhdyc1qq+3moPN8tMs7mHEQUaEt9Gqr1LYpFlKc2+qFGFeweDTs4rTh6bYeFjx3kxcj0PocGH5c+nOw=="
    },
    "node_modules/boxen": {
      "version": "5.1.2",
      "resolved": "https://registry.npmjs.org/boxen/-/boxen-5.1.2.tgz",
      "integrity": "sha512-jXz1kXKc0G8bc2TkRQUYgST36xICMN8PQnI9tTEyGhS5et7VbO5cEAszt5u9HKROglRDe7+ih44n4+HHeOzDgA==",
      "dependencies": {
        "ansi-align": "^3.0.0",
        "camelcase": "^6.2.0",
        "chalk": "^4.1.0",
        "cli-boxes": "^2.2.1",
        "string-width": "^4.2.0",
        "type-fest": "^0.20.2",
        "widest-line": "^3.1.0",
        "wrap-ansi": "^7.0.0"
      },
      "engines": {
        "node": ">=10"
      }
    },
    "node_modules/buffer": {
      "version": "4.9.2",
      "resolved": "https://registry.npmjs.org/buffer/-/buffer-4.9.2.tgz",
      "integrity": "sha512-3kpMr5dvuL7VBaxvlbHzzkTX2zAwPB/Uy51HJphhFx34eCgy8vFZ5QL0cdL3VnWhZISdw6OQJRuX+JsPC4E3Yg==",
      "dependencies": {
        "base64-js": "^1.0.2",
        "ieee754": "^1.1.4",
        "isarray": "^1.0.0"
      },
      "engines": {
        "node": ">= 0.10.0"
      }
    },
    "node_modules/busboy": {
      "version": "1.6.0",
      "resolved": "https://registry.npmjs.org/busboy/-/busboy-1.6.0.tgz",
      "integrity": "sha512-wsX2AHXRUP0Be6Aq1u4CUzX7wIhSLVuzhQmLgK1OUlVTevIcOXdfLfNP6PX/OuIDFt7efxPzHNCpKaa1GZLXRA==",
      "dependencies": {
        "streamsearch": "1.1.0"
      },
      "engines": {
        "node": ">= 4.5.0"
      }
    },
    "node_modules/busboy/node_modules/readable-stream": {
      "version": "3.6.0",
      "resolved": "https://registry.npmjs.org/readable-stream/-/readable-stream-3.6.0.tgz",
      "integrity": "sha512-BViFKpVO6U9IZM4V/uJoLUrOdwtrZZ7mvoAKPVy/aP66p2Axz68uNd7Jx8gp8CVmT69h3pqKBpS7bD3IN/3I5Q==",
      "dependencies": {
        "inherits": "^2.0.4",
        "string_decoder": "^1.1.1",
        "util-deprecate": "^1.0.1"
      },
      "engines": {
        "node": ">= 6"
      }
    },
    "node_modules/busboy/node_modules/string_decoder": {
      "version": "1.3.0",
      "resolved": "https://registry.npmjs.org/string_decoder/-/string_decoder-1.3.0.tgz",
      "integrity": "sha512-hp+gcGtMVzK9dO7j5YB9Yc7Izs+KeBqOU/XDb4MFzkCa6atZ+/G4w2OrETfCffI1ohO8wMHGTT3zrVdX/YmA2g==",
      "dependencies": {
        "safe-buffer": "~5.2.0"
      }
    },
    "node_modules/busboy/node_modules/util-deprecate": {
      "version": "1.0.2",
      "resolved": "https://registry.npmjs.org/util-deprecate/-/util-deprecate-1.0.2.tgz",
      "integrity": "sha512-RYQ4B9P+TG4tEX4T2slqaqMSACsyYyW+5aYg4PSDBI+IekHszkFk8JfYCB4gAx9Ko7m67libpN37UMTTUV4RWQ=="
    },
    "node_modules/bytes": {
      "version": "3.1.0",
      "resolved": "https://registry.npmjs.org/bytes/-/bytes-3.1.0.tgz",
      "integrity": "sha512-zauLjrfHBr5ZLIDqv4rf4iwHSFiZ9v0FJi05VWzLPfr5N7HfiGDUN6m/sDYpdlhP8j6bPbh68aWfLlVVhE2Tmw==",
      "engines": {
        "node": ">= 0.8"
      }
    },
    "node_modules/camelcase": {
      "version": "6.3.0",
      "resolved": "https://registry.npmjs.org/camelcase/-/camelcase-6.3.0.tgz",
      "integrity": "sha512-0+STbNf0C2IStGMehdMQX9h51HUL5SbpmUnrYrTn+fshUE4aAwcXy3WkPKUn4Ithbf6NpF+F8NWZ8e2EoHf3bg==",
      "engines": {
        "node": ">=10"
      }
    },
    "node_modules/caseless": {
      "version": "0.12.0",
      "resolved": "https://registry.npmjs.org/caseless/-/caseless-0.12.0.tgz",
      "integrity": "sha512-31tDf4gdzOcOZq3Xiu3OmyChAYyyvEyk8QSYdz+DxtPhgzUtkSKs5BzeVtaQxIkYtB61/8SYGu8sN3PpiwZLOw=="
    },
    "node_modules/chalk": {
      "version": "4.1.2",
      "resolved": "https://registry.npmjs.org/chalk/-/chalk-4.1.2.tgz",
      "integrity": "sha512-oKnbLIq9FqLb9jlK/Ss6mvyZmDco5eA6sKT3GyBUPsHX7uDBOpV+Jabz6xQpGyL8J0VqOfxtw3Zc91SLTL3VOA==",
      "dependencies": {
        "ansi-styles": "^4.1.0",
        "supports-color": "^7.1.0"
      },
      "engines": {
        "node": ">=10"
      }
    },
    "node_modules/chalk/node_modules/ansi-styles": {
      "version": "4.3.0",
      "resolved": "https://registry.npmjs.org/ansi-styles/-/ansi-styles-4.3.0.tgz",
      "integrity": "sha512-Z6j7Uqytff8cn6UH2D5+yoVbOXg9H5Gx3vUBlTXH3urT4P4ksMlZr5i8k0HkIUNp5H9YvAN6MEOo5WzD8GgYWg==",
      "dependencies": {
        "color-convert": "^2.0.1"
      },
      "engines": {
        "node": ">=10"
      }
    },
    "node_modules/chalk/node_modules/supports-color": {
      "version": "7.2.0",
      "resolved": "https://registry.npmjs.org/supports-color/-/supports-color-7.2.0.tgz",
      "integrity": "sha512-qpq+eo4qY5Llj9JpSI7FqumMi1ElABp38eI7QtDA1X2t4jvqIjfCMIuM5FuAt0SKaAOXVZw8K1gqjk6iH5B9EA==",
      "dependencies": {
        "has-flag": "^4.0.0"
      },
      "engines": {
        "node": ">=10"
      }
    },
    "node_modules/cli-boxes": {
      "version": "2.2.1",
      "resolved": "https://registry.npmjs.org/cli-boxes/-/cli-boxes-2.2.1.tgz",
      "integrity": "sha512-8QOga3EHg8yXy/tHOF/ukqqEJxzvFVfPSgZk+npHD4U4eQztY5Y1SfqXtAj6Mt12SM9gUSM2wrHbyNKMNE2N4A==",
      "engines": {
        "node": ">=8"
      }
    },
    "node_modules/cliui": {
      "version": "7.0.4",
      "resolved": "https://registry.npmjs.org/cliui/-/cliui-7.0.4.tgz",
      "integrity": "sha512-OcRE68cOsVM4XYu78r7VmDXROtsbKq/1y5nUodtvs2vI7pGjeGEczDEWl/p7cUWMslX1Jlzjr8hZ7HztcTUf0A==",
      "dependencies": {
        "string-width": "^4.2.0",
        "strip-ansi": "^6.0.0",
        "wrap-ansi": "^7.0.0"
      },
      "engines": {
        "node": ">=10"
      }
    },
    "node_modules/color-convert": {
      "version": "2.0.1",
      "resolved": "https://registry.npmjs.org/color-convert/-/color-convert-2.0.1.tgz",
      "integrity": "sha512-RREOuX3+P7mVzpvraCFpfTOAMcAI6nHboJbnpJhtjxQ07NRkrrE6t1FQsR8usUR6OszTIv3cJIFWnhkBxPFtA==",
      "dependencies": {
        "color-name": "~1.1.4"
      },
      "engines": {
        "node": ">=7.0.0"
      }
    },
    "node_modules/color-name": {
      "version": "1.1.4",
      "resolved": "https://registry.npmjs.org/color-name/-/color-name-1.1.4.tgz",
      "integrity": "sha512-9RRApB7h8XY3VPx+OQUG7mrW0VCdtr2jRFeBlIKL1YhDYMWeP/1/IsHAnSxGkqqgPbSgCFwL/cKk2D8clFVy1g=="
    },
    "node_modules/combined-stream": {
      "version": "1.0.8",
      "resolved": "https://registry.npmjs.org/combined-stream/-/combined-stream-1.0.8.tgz",
      "integrity": "sha512-FQN+3M3GnTuxnIu2PCfofPHCS4ZmYIo7WxAPqINN4AwFheqtiwy51PB8s9cFRYg6DWR9tBQgaXMrUfnDcsTD6w==",
      "dependencies": {
        "delayed-stream": "~1.0.0"
      }
    },
    "node_modules/concat-map": {
      "version": "0.0.1",
      "resolved": "https://registry.npmjs.org/concat-map/-/concat-map-0.0.1.tgz",
      "integrity": "sha512-2TGz8h4ULQKMVTl8Ro3OTs2q5FdK2rp4FffpcT+F5j14xF1fP0Jxj0cXY/YeFlTe0tXn1imlSvKu6JUMe0EOsA=="
    },
    "node_modules/content-disposition": {
      "version": "0.5.3",
      "resolved": "https://registry.npmjs.org/content-disposition/-/content-disposition-0.5.3.tgz",
      "integrity": "sha512-Fbo6eZFHPINjD+4HlVVNPRpApPXsjF5VnKybmSUXIaP0Q3B5bCEWawBKMVYCtRaC2P9ZD2XNOJ+ovEwmpAS0DA==",
      "dependencies": {
        "safe-buffer": "5.1.2"
      },
      "engines": {
        "node": ">= 0.6"
      }
    },
    "node_modules/content-type": {
      "version": "1.0.4",
      "resolved": "https://registry.npmjs.org/content-type/-/content-type-1.0.4.tgz",
      "integrity": "sha512-5vHX45oTfW/vuQzi1brU/puPzFfdIXAOLkiZTXIWhJqNVhv5yAauSA5+wcS8yYE0iXzqkUq3V0qPci7fOBYdKg==",
      "engines": {
        "node": ">= 0.6"
      }
    },
    "node_modules/core-util-is": {
      "version": "1.0.3",
      "resolved": "https://registry.npmjs.org/core-util-is/-/core-util-is-1.0.3.tgz",
      "integrity": "sha512-3lq59G7rkjdjXtQBSGuhvwQwaEF4PE1EaL9tUqDe3/PRhH4qcoV6R7sw2uAN2qJs95znmLzeMvFYVUasoBTrTA=="
    },
    "node_modules/cross-spawn": {
      "version": "7.0.3",
      "resolved": "https://registry.npmjs.org/cross-spawn/-/cross-spawn-7.0.3.tgz",
      "integrity": "sha512-iRDPJKCkN0k5VzLz3UNfn9IuPTLftJ8weL5Bu5KMkkbzphx+0pMZlrWqjHqH7+uoG057jc4NwyqUzTqWg7rdwg==",
      "dependencies": {
        "path-key": "^3.1.0",
        "shebang-command": "^2.0.0",
        "which": "^2.0.1"
      },
      "engines": {
        "node": ">= 8"
      }
    },
    "node_modules/delegates": {
      "version": "1.0.0",
      "resolved": "https://registry.npmjs.org/delegates/-/delegates-1.0.0.tgz",
      "integrity": "sha512-7x/C7fpfpv/j8U2NR5YkRrLdu1RSMv55IVChXPS0b14M6bxrSGfb/fOBfP/gax8LfhjjdmyA18jCz9NNM50BHQ=="
    },
    "node_modules/delayed-stream": {
      "version": "1.0.0",
      "resolved": "https://registry.npmjs.org/delayed-stream/-/delayed-stream-1.0.0.tgz",
      "integrity": "sha512-ZNR6PZvu6Jvz/67DAv6TOIVnFaQFHCynPgb4jaXeNxV2WyNxF4R5GmRnlV37TPZZh3Kxr/JcR8Bz+02LC+kMSw=="
    },
    "node_modules/detect-libc": {
      "version": "2.0.1",
      "resolved": "https://registry.npmjs.org/detect-libc/-/detect-libc-2.0.1.tgz",
      "integrity": "sha512-3M2tgEdwwkbXSkJ06rTskKbyBQaVEdOn71ubXGBaHxcSG0fkdntF4XjV8Z7fP5ov8sHeLu9HQH/wCu/+VRwt/A=="
    },
    "node_modules/depd": {
      "version": "1.1.2",
      "resolved": "https://registry.npmjs.org/depd/-/depd-1.1.2.tgz",
      "integrity": "sha512-7emPTSZh0TTr2e5gn5w9+r4VoIuyl4WJqVdDPvquLK5C4MR0aFdeSvYG6RrMlqd6I2QXg9RQc5ZePZZn+/U6Ug==",
      "engines": {
        "node": ">= 0.6"
      }
    },
    "node_modules/destroy": {
      "version": "1.0.4",
      "resolved": "https://registry.npmjs.org/destroy/-/destroy-1.0.4.tgz",
      "integrity": "sha512-iPQkdP+Gkvp7CuEXa9j3PtuMBHfiXVzzrV1nJ0zEFhftdSVfE16tYVD4t1D/gzKNzJ7GDKARSL8SYPwE/A4GFQ==",
      "engines": {
        "node": ">= 0.8"
      }
    },
    "node_modules/doctrine": {
      "version": "3.0.0",
      "resolved": "https://registry.npmjs.org/doctrine/-/doctrine-3.0.0.tgz",
      "integrity": "sha512-yS+Q5Qh9+UJf8pUHRK3W6K3mhh4vJti9OHmjLlm8eRKoEyuxu+ECdA2YtmxokXKJiQsNrVgMR4v0Qp8r7v8wBw==",
      "dependencies": {
        "esutils": "^2.0.2"
      },
      "engines": {
        "node": ">=4.0.0"
      }
    },
    "node_modules/duplexify": {
      "version": "4.1.2",
      "resolved": "https://registry.npmjs.org/duplexify/-/duplexify-4.1.2.tgz",
      "integrity": "sha512-KGMIH1CBoMSmsJznbfjs8d7m3PpMA5GVqPpWS6T16aGTLEw7n1anXDFgLfhCj2u3VfK9/4PzzbiEvInwIe+9MA==",
      "dependencies": {
        "end-of-stream": "^1.0.0",
        "inherits": "^2.0.3",
        "readable-stream": "^2.0.0",
        "stream-shift": "^1.0.0"
      }
    },
    "node_modules/duplexify/node_modules/readable-stream": {
      "version": "2.3.8",
      "resolved": "https://registry.npmjs.org/readable-stream/-/readable-stream-2.3.8.tgz",
      "integrity": "sha512-Ko72nEY7XkBiMtbb5/YLsyR5/3gK9SVDx2NrkITb17VNfsRrzTNadqSnL/GEp9ZcCfI0vd0pka/r6h02J2UJRA==",
      "dependencies": {
        "core-util-is": "~1.0.0",
        "inherits": "~2.0.3",
        "isarray": "~1.0.0",
        "process-nextick-args": "~2.0.0",
        "safe-buffer": "~5.1.1",
        "string_decoder": "~1.1.1",
        "util-deprecate": "~1.0.1"
      },
      "engines": {
        "node": ">= 0.8"
      }
    },
    "node_modules/duplexify/node_modules/string_decoder": {
      "version": "1.1.1",
      "resolved": "https://registry.npmjs.org/string_decoder/-/string_decoder-1.1.1.tgz",
      "integrity": "sha512-n/ShcvsDzJ/4n1JmvhDpOGT8eF6evN9rF50d5/DMzhB4DCljPdzL2BzEGfu0pFuVlgUT8E8fr9FZTNrP/NRAHg==",
      "dependencies": {
        "safe-buffer": "~5.1.0"
      }
    },
    "node_modules/ecdsa-sig-formatter": {
      "version": "1.0.11",
      "resolved": "https://registry.npmjs.org/ecdsa-sig-formatter/-/ecdsa-sig-formatter-1.0.11.tgz",
      "integrity": "sha512-qw9L+4/h5gFaw9kO2lZnvMjKeOD0leZpVdr6SkdhU3FcD8iwAEXKN4uKhzmeE1EqRFKIUZ5t5WjovWccP5MZ3g==",
      "dependencies": {
        "safe-buffer": "^5.0.1"
      }
    },
    "node_modules/ecc-jsbn": {
      "version": "0.1.2",
      "resolved": "https://registry.npmjs.org/ecc-jsbn/-/ecc-jsbn-0.1.2.tgz",
      "integrity": "sha512-ueUmgSrT+0Yc3qC3LoZKLwwaKtvU9CNtJk5Md1r3RGf8P9L5XSZozpuUL8UQ1I5M+eT+QQW8XVtYNHoCxo6qNQ==",
      "dependencies": {
        "jsbn": "~0.1.0",
        "safer-buffer": "^2.1.0"
      }
    },
    "node_modules/ee-first": {
      "version": "1.1.1",
      "resolved": "https://registry.npmjs.org/ee-first/-/ee-first-1.1.1.tgz",
      "integrity": "sha512-WQ1KgiJz9qRFh/H7FCrNU5+QBhpt36oAXBSxnffuvENQh9/ItWxO0kmqG9hD52lM6vRXKzVX4CUsXYt1a3Sk6A==",
      "engines": {
        "node": ">= 0.8"
      }
    },
    "node_modules/end-of-stream": {
      "version": "1.4.4",
      "resolved": "https://registry.npmjs.org/end-of-stream/-/end-of-stream-1.4.4.tgz",
      "integrity": "sha512-1MkrZNvNkacOiY0CteCct++bHfH0rxCVUBAC8J2EOwGFjUnD6WbcYs9IGPGlH+D+j50T1dCq+gkJ+WqYqD5qOA==",
      "dependencies": {
        "once": "^1.4.0"
      },
      "engines": {
        "node": ">=0.8"
      }
    },
    "node_modules/es6-promise": {
      "version": "4.2.8",
      "resolved": "https://registry.npmjs.org/es6-promise/-/es6-promise-4.2.8.tgz",
      "integrity": "sha512-HJDGx8Z150YT9x8tEZ7g8nukdIjbnA9qupY6mTrz5lFGIt6B0Sz56et7UbhUodNp4pD+z0Ijc+dGihSOKi2lFg=="
    },
    "node_modules/es6-promisify": {
      "version": "5.0.0",
      "resolved": "https://registry.npmjs.org/es6-promisify/-/es6-promisify-5.0.0.tgz",
      "integrity": "sha512-DPKFJqGPtnygz1Rg9KOGLdpU5KmfldTiOzzk/8dHhBNwdUNZrdgl7SVdO+3F8pE+OMOr2Vo0CztMS+XLG+ww9g==",
      "dependencies": {
        "es6-promise": "^4.0.3"
      }
    },
    "node_modules/esutils": {
      "version": "2.0.3",
      "resolved": "https://registry.npmjs.org/esutils/-/esutils-2.0.3.tgz",
      "integrity": "sha512-aWEZWlcZN1G02xsvuL60sBwxi9Lk9B03f9ZYOLPYkQS6mTuc0LOuGB06f8e4OOh6GBogGo3ohoPffNkg/cZWBg==",
      "engines": {
        "node": ">=0.10.0"
      }
    },
    "node_modules/events": {
      "version": "3.3.0",
      "resolved": "https://registry.npmjs.org/events/-/events-3.3.0.tgz",
      "integrity": "sha512-x+IQpg0XS84zE8YMJoaH5Qq/vWMyUmX3wcwWcrHmoDA0Vp/1hvfo6Hqv/zX5J7LFCQ1F6OWCE6L3ksE5L5csXA=="
    },
    "node_modules/express": {
      "version": "4.18.2",
      "resolved": "https://registry.npmjs.org/express/-/express-4.18.2.tgz",
      "integrity": "sha512-5/PsLHz5E4nLc2JxeEVUioVriORkFL7AQM2yZugMnJa1+1pLKRi+f1HgiSOHlhl/jtPwcZteUGsI6v2j5DMeZA==",
      "dependencies": {
        "accepts": "~1.3.8",
        "array-flatten": "1.1.1",
        "body-parser": "1.19.2",
        "content-disposition": "0.5.4",
        "content-type": "~1.0.4",
        "cookie": "0.5.0",
        "cookie-signature": "1.0.6",
        "debug": "2.6.9",
        "depd": "~1.1.2",
        "encodeurl": "~1.0.2",
        "escape-html": "~1.0.3",
        "etag": "~1.8.1",
        "finalhandler": "1.1.2",
        "fresh": "0.5.2",
        "merge-descriptors": "1.0.1",
        "methods": "~1.1.2",
        "on-finished": "~2.3.0",
        "parseurl": "~1.3.3",
        "path-to-regexp": "0.1.7",
        "proxy-addr": "~2.0.7",
        "qs": "6.11.0",
        "range-parser": "~1.2.1",
        "safe-buffer": "5.2.1",
        "send": "0.18.0",
        "serve-static": "1.15.0",
        "setprototypeof": "1.2.0",
        "statuses": "2.0.1",
        "type-is": "~1.6.18",
        "utils-merge": "1.0.1",
        "vary": "~1.1.2"
      },
      "engines": {
        "node": ">= 0.10.0"
      }
    },
    "node_modules/extend": {
      "version": "3.0.2",
      "resolved": "https://registry.npmjs.org/extend/-/extend-3.0.2.tgz",
      "integrity": "sha512-fjquC59c6RaNfBQNWtdDd/NGIRKj4WeaMGfF6i3i5cX2QnzkELGk8s3kFYEurRiX61k2V7fLougKImv9OmKz0w==",
      "engines": {
        "node": ">=0.4.9"
      }
    },
    "node_modules/extsprintf": {
      "version": "1.3.0",
      "resolved": "https://registry.npmjs.org/extsprintf/-/extsprintf-1.3.0.tgz",
      "integrity": "sha512-iNAzmRN2PiIhD0Tj+jb5bFwT+Z8JkWmGBBv4Bqy8XzqzK6Vk1UkI7+ho+ApbmQNdRs9dBik+9eIhCVoK+DekdA==",
      "engines": [
        "node >=0.6.0"
      ]
    },
    "node_modules/fast-diff": {
      "version": "1.2.0",
      "resolved": "https://registry.npmjs.org/fast-diff/-/fast-diff-1.2.0.tgz",
      "integrity": "sha512-zBv0I1FM2yV0bQkU+zHFmXbSkKoKPcdjguAvly7ldAw8PPkUtB7pBU20tnK8bB/lEmnb2XZzybkWqHd3ySIrbA=="
    },
    "node_modules/fast-json-stable-stringify": {
      "version": "2.1.0",
      "resolved": "https://registry.npmjs.org/fast-json-stable-stringify/-/fast-json-stable-stringify-2.1.0.tgz",
      "integrity": "sha512-6aMZ5J4UwOGN1qX+0dzu6ioXjgl0dV+Uu0C5JxKkfiuyDe+f2OfX+DLG6fWZJpwg2bN1hFxAJuIa3zgThkxz5w=="
    },
    "node_modules/finalhandler": {
      "version": "1.1.2",
      "resolved": "https://registry.npmjs.org/finalhandler/-/finalhandler-1.1.2.tgz",
      "integrity": "sha512-aZIA2CzKtQxkxKhvOhQYTxT4srx80H0LzrYgCM4M3UnVSS5rJT/VF5P1JlTlWBh4+hQgL1rGSp7cZHc7Gyguxw==",
      "dependencies": {
        "debug": "2.6.9",
        "encodeurl": "~1.0.2",
        "escape-html": "~1.0.3",
        "on-finished": "~2.3.0",
        "parseurl": "~1.3.3",
        "statuses": "~1.5.0",
        "unpipe": "~1.0.0"
      },
      "engines": {
        "node": ">= 0.8"
      }
    },
    "node_modules/follow-redirects": {
      "version": "1.15.2",
      "resolved": "https://registry.npmjs.org/follow-redirects/-/follow-redirects-1.15.2.tgz",
      "integrity": "sha512-fP9bqKzW+NBiFvHS/KDFasMBzDEgsXyBoDjAr4ipK9z9bNYZ3JqgA8le2V7ViWkPOcwTkXUSn65ACbB6r9Q4wA==",
      "dependencies": {
        "debug": "=4.3.1"
      },
      "peerDependenciesMeta": {
        "debug": {
          "optional": true
        }
      }
    },
    "node_modules/form-data": {
      "version": "4.0.0",
      "resolved": "https://registry.npmjs.org/form-data/-/form-data-4.0.0.tgz",
      "integrity": "sha512-3a6E6bB2Q/sB2HoXBP4M46F2NfqLVc5GSQ9tVQHquEwNxM0rzROycqr+fMl03BXN+h4y4h5fgbTJOgF3F7lmOg==",
      "dependencies": {
        "asynckit": "^0.4.0",
        "combined-stream": "^1.0.6",
        "mime-types": "^2.1.12"
      },
      "engines": {
        "node": ">= 6.0.0"
      }
    },
    "node_modules/fs.realpath": {
      "version": "1.0.0",
      "resolved": "https://registry.npmjs.org/fs.realpath/-/fs.realpath-1.0.0.tgz",
      "integrity": "sha512-Lrdkf3m/7aKqxPYpQe9B8c5qPoNcPOy5TtlDMEFZh/E91XGpHjQd7q20P5Eb0MFloXaRg9b1lR/b7v1vcLz9Tg=="
    },
    "node_modules/ftp": {
      "version": "0.3.10",
      "resolved": "https://registry.npmjs.org/ftp/-/ftp-0.3.10.tgz",
      "integrity": "sha512-txM1GG/AlzL9PtPnv8P9b3j2LxbSnopxfksod1tM0RI4IYgoBY8OY6fNxDg3RYZbG6Z0toUdPh+kqGZSuUnhow==",
      "dependencies": {
        "xregexp": "2.0.0"
      },
      "engines": {
        "node": ">= 0.10.0"
      }
    },
    "node_modules/function-bind": {
      "version": "1.1.1",
      "resolved": "https://registry.npmjs.org/function-bind/-/function-bind-1.1.1.tgz",
      "integrity": "sha512-yIPr/SBx4RHfiFdQxa1P0qO1yyBCv0ISnxLP3ZOFVpkKVHeBzB7rZ/qD80c66elxT5P7Fl0LC+OKjhw6q1V3ig=="
    },
    "node_modules/get-stream": {
      "version": "6.0.1",
      "resolved": "https://registry.npmjs.org/get-stream/-/get-stream-6.0.1.tgz",
      "integrity": "sha512-ts6Wi3j2HDUiOKaPSaCxlwrm5KykCvl8YbfqOXq0xI8bECfa58cbDw6yiE5OJRQw2F2mOwz6rN/FwHQpuqO1XQ==",
      "engines": {
        "node": ">=10"
      }
    },
    "node_modules/har-schema": {
      "version": "2.0.0",
      "resolved": "https://registry.npmjs.org/har-schema/-/har-schema-2.0.0.tgz",
      "integrity": "sha512-Oqls3ovOOuknTvb2c3MyA+TGsQ06AuOWF+DSRpOlrclJGdp9WrfTq0Z1++FxdjpN/pvQt2HT2ZkXgbV+rTee0A==",
      "engines": {
        "node": ">=4"
      }
    },
    "node_modules/har-validator": {
      "version": "5.1.5",
      "resolved": "https://registry.npmjs.org/har-validator/-/har-validator-5.1.5.tgz",
      "integrity": "sha512-n81bL1UXHwPLGGK/h93e6m0dxxm4LF5pTkM3LcIJn5y2KqlG+MMlJbofZk4kpUraB+u3kELO8lcRJLTkcMyRLg==",
      "dependencies": {
        "ajv": "^6.12.3",
        "har-schema": "^2.0.0"
      },
      "engines": {
        "node": ">=6"
      }
    },
    "node_modules/has-flag": {
      "version": "4.0.0",
      "resolved": "https://registry.npmjs.org/has-flag/-/has-flag-4.0.0.tgz",
      "integrity": "sha512-EykJT6bXolK6jT0btqqV9dr4VCrS7Nk+E+O2a6V3zo7ecieR8tZn2Yj5aFDIQx4/zQA5v6X0wEP/vDyCdz/WWw=="
    },
    "node_modules/http-errors": {
      "version": "2.0.0",
      "resolved": "https://registry.npmjs.org/http-errors/-/http-errors-2.0.0.tgz",
      "integrity": "sha512-FyWlTgs6JFDHQTR9UgJ2/TLEODJKQmKmrAAEwPUkT37WnyQ1q//U/3SWLn2RCAlR0ktZt0CecGsygMxAGBSZSQ==",
      "dependencies": {
        "depd": "~2.0.0",
        "inherits": "2.0.4",
        "setprototypeof": "1.2.0",
        "statuses": "2.0.1",
        "toidentifier": "1.0.1"
      },
      "engines": {
        "node": ">= 0.6"
      },
      "funding": {
        "url": "https://github.com/jshttp/http-errors?sponsor=1"
      }
    },
    "node_modules/iconv-lite": {
      "version": "0.6.3",
      "resolved": "https://registry.npmjs.org/iconv-lite/-/iconv-lite-0.6.3.tgz",
      "integrity": "sha512-4fPskUj41bdzt0CrEPzdiUql/v3eHqi7jMfrniLnyG1oFAlE5gF2k+YQJsySKphCe2qE7tUUPKxuJtCbtivvUg==",
      "dependencies": {
        "safer-buffer": ">= 2.1.2 < 3"
      },
      "engines": {
        "node": ">=0.10.0"
      },
      "funding": {
        "url": "https://github.com/sponsors/ashtuchkin"
      }
    },
    "node_modules/imurmurhash": {
      "version": "0.1.4",
      "resolved": "https://registry.npmjs.org/imurmurhash/-/imurmurhash-0.1.4.tgz",
      "integrity": "sha512-Kt7C+Me3zIB68XHTg31Epdl0GtxCe3g62E1P3uh8NnL5RMQvXq2UVcfwbukvdkOQSZsyh8M3LWy/IaG/HnCn9g=="
    },
    "node_modules/inherits": {
      "version": "2.0.4",
      "resolved": "https://registry.npmjs.org/inherits/-/inherits-2.0.4.tgz",
      "integrity": "sha512-k/vGaXWjCtwzYVG6iS2a1S9HA4ItHLdF+pFfaO8tJFr8wIeqvO/zV3KUR62fIFj3N1PsvP7KXpbC3e5D6NZ/kA=="
    },
    "node_modules/is-fullwidth-code-point": {
      "version": "3.0.0",
      "resolved": "https://registry.npmjs.org/is-fullwidth-code-point/-/is-fullwidth-code-point-3.0.0.tgz",
      "integrity": "sha512-Z+RYuu4FThFOvGjATd1rHhi2gEQdBMwW9CCuZC4/TJt5aLuFzQp3tlfhztCG0szj8ANjxz96qE/vNKzn3k3GDA==",
      "engines": {
        "node": ">=8"
      }
    },
    "node_modules/is-typedarray": {
      "version": "1.0.0",
      "resolved": "https://registry.npmjs.org/is-typedarray/-/is-typedarray-1.0.0.tgz",
      "integrity": "sha512-cTC9HqDxIfyO4Bjf89vkmq2f3j3H2b7GJMEz5eap50bL2BUx+j5PZKzPnFfX//osB9q8i6CxHZUM5YxzU1AdRg=="
    },
    "node_modules/jsbn": {
      "version": "0.1.1",
      "resolved": "https://registry.npmjs.org/jsbn/-/jsbn-0.1.1.tgz",
      "integrity": "sha512-MpUviZ7Xn1O/Kwj9Vbl4xY1Dmg4QHRCtqTC8tDHE86oR8QJKr6h1CGy+ehANXX4jv9pWkpLb8xU4l2oC9c2vKQ=="
    },
    "node_modules/json-schema": {
      "version": "0.4.0",
      "resolved": "https://registry.npmjs.org/json-schema/-/json-schema-0.4.0.tgz",
      "integrity": "sha512-KaE/+zTo8mxr6kqgEdHhvBBY41OcPQ4Eus2fqzroD+4Hjv8+YJcr9bWylzvK2oQAeKUjJ77n1hRm6wAyXsX0Pg==",
      "engines": {
        "node": "*"
      }
    },
    "node_modules/json-schema-traverse": {
      "version": "0.4.1",
      "resolved": "https://registry.npmjs.org/json-schema-traverse/-/json-schema-traverse-0.4.1.tgz",
      "integrity": "sha512-Rp+nGgrcV2gXnBzkW32/HcBxXzoZfKhxbyswRS9nYmyK9CrUcrPEnAvSZU+rF5HGw1KqaC8RQv0arn6k4mkYfg==",
      "engines": {
        "node": ">=0.4.0"
      }
    },
    "node_modules/json-stringify-safe": {
      "version": "5.0.1",
      "resolved": "https://registry.npmjs.org/json-stringify-safe/-/json-stringify-safe-5.0.1.tgz",
      "integrity": "sha512-qUEHkXPqB7RR9wU7pejT7uFpjX0EMBhCdBCbmhKVuLttjjpM1j7qAwEAw6MEIWmogeCfqsBCTNxfAOL0k2qUQQ=="
    },
    "node_modules/jsprim": {
      "version": "1.4.2",
      "resolved": "https://registry.npmjs.org/jsprim/-/jsprim-1.4.2.tgz",
      "integrity": "sha512-4DpSA8v6DA55fS3ySOfEapxD0+4ZC56WsUyWcZPnqHiTkUIzqf+lnHgTNSKpmwru0z7T2v8r3IrD2ItoNTQAKQ==",
      "dependencies": {
        "assert-plus": "1.0.0",
        "extsprintf": "1.3.0",
        "json-schema": "0.4.0",
        "verror": "1.10.0"
      }
    },
    "node_modules/lodash": {
      "version": "4.17.21",
      "resolved": "https://registry.npmjs.org/lodash/-/lodash-4.17.21.tgz",
      "integrity": "sha512-v2kDEUAj1PH+nEFb8s2aDk8fsyKcV3RnsOlFiUNUifDPOu+GqfIfHP6l2UpyFfU1R7dK0xYxKQKif9iJSkNLDw=="
    },
    "node_modules/lodash.debounce": {
      "version": "4.0.8",
      "resolved": "https://registry.npmjs.org/lodash.debounce/-/lodash.debounce-4.0.8.tgz",
      "integrity": "sha512-FT1yDzFfBfKbcM8FoKs0lvftUvcvU2Bl5g1Kpt5v0Ob7VGB6E5EYgClbnci96C/Cxqq2KcIoUIZf8fn4ReYAww=="
    },
    "node_modules/lodash.merge": {
      "version": "4.6.2",
      "resolved": "https://registry.npmjs.org/lodash.merge/-/lodash.merge-4.6.2.tgz",
      "integrity": "sha512-gxM8cJbPZYL34JMj9Wiv2FwNoI7kzOE5U9mTo8ezB5rG1JhCMJfiJnm6i5ebkwl1hd2Zf1bidR5OVi8zDRMJdA=="
    },
    "node_modules/lodash.without": {
      "version": "4.4.0",
      "resolved": "https://registry.npmjs.org/lodash.without/-/lodash.without-4.4.0.tgz",
      "integrity": "sha512-VebnOhj8+PCTGw8lPHG/gSkbX8fPa0UbE8hsPFMffxxgOZWAKd5dZfaNeEyS6Cyzg51+mzL5HmpLqKnRuHtJ3Q=="
    },
    "node_modules/merge-stream": {
      "version": "2.0.0",
      "resolved": "https://registry.npmjs.org/merge-stream/-/merge-stream-2.0.0.tgz",
      "integrity": "sha512-QsK0E77DqGHK+RIdmVxuXcfrnhJl3g4t2LhdFMgIcShpSVt4dfnSP3aEGE2yz3KAD2Fi3dG/RzT2qU6aToEkng=="
    },
    "node_modules/mime-db": {
      "version": "1.52.0",
      "resolved": "https://registry.npmjs.org/mime-db/-/mime-db-1.52.0.tgz",
      "integrity": "sha512-39EHNgBz5x+MUkTsePfLk6RyYl9Y14b3HUVTbS1aySxDAdITeMu9aTgNxVFrL1X2J6lofuDJhUX17P5jtlVQFg=="
    },
    "node_modules/mime-types": {
      "version": "2.1.35",
      "resolved": "https://registry.npmjs.org/mime-types/-/mime-types-2.1.35.tgz",
      "integrity": "sha512-7BOcVZsROy5xAt+E+bWboF0cWzF5/bdEzm+8vD2fVrSlKp7Ltb7Rz03TUzD1FzzVZ3XrTPgTiAIeKcay2i7KFg==",
      "dependencies": {
        "mime-db": "1.52.0"
      },
      "engines": {
        "node": ">= 0.6"
      }
    },
    "node_modules/mimic-fn": {
      "version": "2.1.0",
      "resolved": "https://registry.npmjs.org/mimic-fn/-/mimic-fn-2.1.0.tgz",
      "integrity": "sha512-jf84uxzwiuiIV39Mff7m1BM7MNPkX26Fq9RmwZAVXPRDf4nZu9dr3DJ1u+Czt4XKsxOcS/ZDEF1rVLgLZOCSgw==",
      "engines": {
        "node": ">=6"
      }
    },
    "node_modules/minimist": {
      "version": "1.2.8",
      "resolved": "https://registry.npmjs.org/minimist/-/minimist-1.2.8.tgz",
      "integrity": "sha512-2yyVJEMJ5GkLtB3SS8dFErWq2CTTfyxt6uRYh7l3DhIho2nEmYVf0WcEQ/pK7F6fl4aUpk+csn63uU/2eUw4XQ=="
    },
    "node_modules/mkdirp": {
      "version": "0.5.6",
      "resolved": "https://registry.npmjs.org/mkdirp/-/mkdirp-0.5.6.tgz",
      "integrity": "sha512-irH5FS1jn1eN5ZpVe5UUxqaTgiX29+cF45J+klfl3WL1/wzbL5U+Mn4VzC6A2sWkFCyyX3+sFzcPexczMYlUHg==",
      "dependencies": {
        "minimist": "^1.2.6"
      },
      "bin": {
        "mkdirp": "bin/cmd.js"
      }
    },
    "node_modules/ms": {
      "version": "2.1.3",
      "resolved": "https://registry.npmjs.org/ms/-/ms-2.1.3.tgz",
      "integrity": "sha512-6EXrWctYHH8gMD8mh9w9DxnzcJ+36kHKg6Zke8+jaB6/tnYkMXPQSJF0MLlXckJndNkF9lhjG2lZMbA+Du09mg=="
    },
    "node_modules/negotiator": {
      "version": "0.6.3",
      "resolved": "https://registry.npmjs.org/negotiator/-/negotiator-0.6.3.tgz",
      "integrity": "sha512-6wv9wBav2mPw7MWF5n0cPikYgHzj6TnlYj6jS3eSeCJxt1ZpIQR0RxTvOsY8A6HRd5S2BSK0jM2eN8D8qr8+7A==",
      "engines": {
        "node": ">= 0.6"
      }
    },
    "node_modules/npmlog": {
      "version": "5.0.1",
      "resolved": "https://registry.npmjs.org/npmlog/-/npmlog-5.0.1.tgz",
      "integrity": "sha512-6Oc62fEU0OKIbKbOTfB+a1nUqIH+81twRtqF4LJ7jz2OdAKu+CTGQ9OZnL8ZpnBBgPIp6TzuRzVdWZ0EyYAojg==",
      "dependencies": {
        "are-we-there-yet": "^3.0.0",
        "console-control-strings": "^1.1.0",
        "gauge": "^4.0.3",
        "set-blocking": "^2.0.0"
      }
    },
    "node_modules/once": {
      "version": "1.4.0",
      "resolved": "https://registry.npmjs.org/once/-/once-1.4.0.tgz",
      "integrity": "sha512-WDpiSOFglmc+cK6fAwrK3s4pwr/p+T9jo3tvB81TP2mHOnjQ/5UMnQsNbbVZgqg/MHZ+zwp5zLePYgoUZW2t8Q==",
      "dependencies": {
        "wrappy": "1"
      }
    },
    "node_modules/path-to-regexp": {
      "version": "0.1.7",
      "resolved": "https://registry.npmjs.org/path-to-regexp/-/path-to-regexp-0.1.7.tgz",
      "integrity": "sha512-VMpVDdLpUnQy0U5FsUSw27n9qtcuCZxn3fCeiu4F2SSM0dFsgHbo3mHlWrb2AEfRY4/YwrRCwaR1BekFygQbdw=="
    },
    "node_modules/process-nextick-args": {
      "version": "2.0.1",
      "resolved": "https://registry.npmjs.org/process-nextick-args/-/process-nextick-args-2.0.1.tgz",
      "integrity": "sha512-HP4xPgCgs6yjCD0uT+YTeCvjRfGpBSXnPfIwM7pHQXj1UfnzDKt1rfnKXWWneRVYSUsIQydg4y48jcG1+78KnA=="
    },
    "node_modules/proxy-addr": {
      "version": "2.0.7",
      "resolved": "https://registry.npmjs.org/proxy-addr/-/proxy-addr-2.0.7.tgz",
      "integrity": "sha512-JYt/1HPf7zZ77p3BVhFhuPp78Hg6OG7+Ny1szvHa7ZmGja7LkWhvZ9dvRxd1f6DVuZ8xwRQLVXPEWyD5I/vHZQ==",
      "dependencies": {
        "forwarded": "0.2.0",
        "ipaddr.js": "1.9.1"
      },
      "engines": {
        "node": ">= 0.10.0"
      }
    },
    "node_modules/qs": {
      "version": "6.11.0",
      "resolved": "https://registry.npmjs.org/qs/-/qs-6.11.0.tgz",
      "integrity": "sha512-Wu1pn29hUig5hY4BCMB9DRkAvZCvOxksuRPArlqVqsiNc9UGUEc3pLwFliWbNmw7IYgtpXoNZXTRDpA6SdyOxA==",
      "engines": {
        "node": ">=0.6"
      }
    },
    "node_modules/readable-stream": {
      "version": "2.3.7",
      "resolved": "https://registry.npmjs.org/readable-stream/-/readable-stream-2.3.7.tgz",
      "integrity": "sha512-tYsxsqnSYRHgD+x4paDuv63mxNijcb6Tc/SXKFC9VpFbxDlYdBBF0m8IOUuFEiKgAHb+hBjyxP0hKC5qtmHNqg==",
      "dependencies": {
        "core-util-is": "~1.0.0",
        "inherits": "~2.0.3",
        "isarray": "~1.0.0",
        "process-nextick-args": "~2.0.0",
        "safe-buffer": "~5.1.1",
        "string_decoder": "~1.1.1",
        "util-deprecate": "~1.0.1"
      }
    },
    "node_modules/request": {
      "version": "2.88.2",
      "resolved": "https://registry.npmjs.org/request/-/request-2.88.2.tgz",
      "integrity": "sha512-0yFEpM9N3nE2M88kcfomWkfcIhSUhPRxyns5BWTqN3xGzNmeR4FU1K+WCce0+xl6d3NK3DsggYjezuZQFs3qww==",
      "dependencies": {
        "aws-sign2": "~0.7.0",
        "aws4": "^1.8.0",
        "caseless": "~0.12.0",
        "combined-stream": "~1.0.6",
        "extend": "~3.0.2",
        "forever-agent": "~0.6.1",
        "form-data": "~2.3.2",
        "har-validator": "~5.1.0",
        "http-signature": "~1.2.0",
        "is-typedarray": "~1.0.0",
        "isstream": "~0.1.2",
        "json-stringify-safe": "~5.0.1",
        "mime-types": "~2.1.19",
        "oauth-sign": "~0.9.0",
        "performance-now": "^2.1.0",
        "qs": "~6.5.2",
        "safe-buffer": "^5.1.2",
        "tough-cookie": "~2.5.0",
        "tunnel-agent": "^0.6.0",
        "uuid": "^3.3.2"
      },
      "funding": {
        "url": "https://github.com/sponsors/request"
      }
    },
    "node_modules/safer-buffer": {
      "version": "2.1.2",
      "resolved": "https://registry.npmjs.org/safer-buffer/-/safer-buffer-2.1.2.tgz",
      "integrity": "sha512-5Vz+E8fIOfbGRc7pkFoQ4YFe8X34ZeyJrrhjsQmCeElnVth9xIAZt8/D1pN+JxGw9pOCdHRH+g7xA5cDKfoGjA=="
    },
    "node_modules/send": {
      "version": "0.18.0",
      "resolved": "https://registry.npmjs.org/send/-/send-0.18.0.tgz",
      "integrity": "sha512-qqWzuOjElr11YPqMMF1Dut1fTP0+d+WN86UlJneFltVpjS3zDeM7lO8O9k4Ex52YLm2w9MIr73rZQOKkFSuChw==",
      "dependencies": {
        "debug": "2.6.9",
        "depd": "2.0.0",
        "destroy": "1.2.0",
        "encodeurl": "~1.0.2",
        "escape-html": "~1.0.3",
        "etag": "~1.8.1",
        "fresh": "0.5.2",
        "http-errors": "2.0.0",
        "mime": "1.6.0",
        "ms": "2.1.3",
        "on-finished": "~2.3.0",
        "range-parser": "~1.2.1",
        "statuses": "2.0.1"
      },
      "engines": {
        "node": ">= 0.8"
      }
    },
    "node_modules/serve-static": {
      "version": "1.15.0",
      "resolved": "https://registry.npmjs.org/serve-static/-/serve-static-1.15.0.tgz",
      "integrity": "sha512-xtKrfHOD8Se3ZhPH8+xDRdZShgf4f5bHK2keilD+NVPOkcU/72isFZSUjE+4mZ3TVm7/5TZsl1RJWh1nTDQCIw==",
      "dependencies": {
        "encodeurl": "~1.0.2",
        "escape-html": "~1.0.3",
        "parseurl": "~1.3.3",
        "send": "0.18.0"
      },
      "engines": {
        "node": ">= 0.8"
      }
    },
    "node_modules/set-blocking": {
      "version": "2.0.0",
      "resolved": "https://registry.npmjs.org/set-blocking/-/set-blocking-2.0.0.tgz",
      "integrity": "sha512-ZT2XaYFN0ehMnU+AvwVfFypgNwHH3GZaU6zZ2VqbZPL5rM+XFgxk9Pl+0P3ymqnDkb5CjynNnbp0PpQHZuxYZw=="
    },
    "node_modules/setprototypeof": {
      "version": "1.2.0",
      "resolved": "https://registry.npmjs.org/setprototypeof/-/setprototypeof-1.2.0.tgz",
      "integrity": "sha512-E5LDXh/9lK4oMDtw9DRdN2dbi8nRhpZ2FWlbqASpQWE6p5EZXNHbITxf2GdrUYT/wiIjKoOTroU3vlB3LrdmUQ=="
    },
    "node_modules/signal-exit": {
      "version": "3.0.7",
      "resolved": "https://registry.npmjs.org/signal-exit/-/signal-exit-3.0.7.tgz",
      "integrity": "sha512-tn7q+krRx8kjS84/Tknr8Z4tOFSJgpCdz3tByRaOKij+nFih+AZVp1mHf+RMhQ9B8rcOSaHw5LKoOsyK2T4fDA=="
    },
    "node_modules/sntp": {
      "version": "2.1.0",
      "resolved": "https://registry.npmjs.org/sntp/-/sntp-2.1.0.tgz",
      "integrity": "sha512-7Ggm0vc5irXaUTDGbkcAGxHhxLHEp0WweIXDle6D82syo7g2G4Pp2DBH1woC9SzNz+NMSD6J/YShDlYUUHrt6w==",
      "dependencies": {
        "hoek": "4.x.x"
      },
      "engines": {
        "node": ">=0.10.30"
      }
    },
    "node_modules/source-map": {
      "version": "0.6.1",
      "resolved": "https://registry.npmjs.org/source-map/-/source-map-0.6.1.tgz",
      "integrity": "sha512-dpvtYFXKWmMw/Y07cI/CiFJWw75NLz8tiKleNc2cBPylzi78tJTDAXM2Imb5Bz+ZfDL31G8CrTSyFmtISdgdlg==",
      "engines": {
        "node": ">=0.10.0"
      }
    },
    "node_modules/statuses": {
      "version": "2.0.1",
      "resolved": "https://registry.npmjs.org/statuses/-/statuses-2.0.1.tgz",
      "integrity": "sha512-t/oxrOGV8G7BfMeqdglEJl1IulKTmQezkXctzVh1YV4V6InroMdWLp7FyoNft9RT39o/wPIRj5zXdQtXJvFsaA==",
      "engines": {
        "node": ">= 0.8"
      }
    },
    "node_modules/string_decoder": {
      "version": "1.1.1",
      "resolved": "https://registry.npmjs.org/string_decoder/-/string_decoder-1.1.1.tgz",
      "integrity": "sha512-n/ShcKmbgIviZkN2R9VmOGtxx+Nni9i8RN9pZ2ZLJgeGh/xKfEvZx3xBM1sU/JVjXBpOGyM5lPHLRG5KQSdvRA==",
      "dependencies": {
        "safe-buffer": "~5.1.0"
      }
    },
    "node_modules/tough-cookie": {
      "version": "2.5.0",
      "resolved": "https://registry.npmjs.org/tough-cookie/-/tough-cookie-2.5.0.tgz",
      "integrity": "sha512-VeWbvczmKyLk+08CMUYxIakHhJXUFBYlTiy2lU6XvlcQb3GSg2CNl94lP/7jPzRzhZXJSiGXS+qEVoGGS+OTGA==",
      "dependencies": {
        "psl": "^1.1.28",
        "punycode": "^2.1.1"
      },
      "engines": {
        "node": ">=0.8"
      }
    },
    "node_modules/tunnel-agent": {
      "version": "0.6.0",
      "resolved": "https://registry.npmjs.org/tunnel-agent/-/tunnel-agent-0.6.0.tgz",
      "integrity": "sha512-o7FHU9L2k5RlX6bu8Oxy/zE/nCNedwoBI+yb+B95NHUBzuIM8JSak/1uTYpbeLGIAD1bRI+T2T2mWbWm0huM7A==",
      "dependencies": {
        "safe-buffer": "^5.0.1"
      }
    },
    "node_modules/util-deprecate": {
      "version": "1.0.2",
      "resolved": "https://registry.npmjs.org/util-deprecate/-/util-deprecate-1.0.2.tgz",
      "integrity": "sha512-R3vLq7R+DSuhAArPQkYrlU3u8Z1pXXd1lJUVsL3P4S+UKZ+BKOXZMbEhhdyf4+jjJCUzYkUAO7HZ5Qj3VYnGDA=="
    },
    "node_modules/uuid": {
      "version": "3.4.0",
      "resolved": "https://registry.npmjs.org/uuid/-/uuid-3.4.0.tgz",
      "integrity": "sha512-HjtrN5fMc1J3XNLzYto+gyUzNHaDqOn4mmsDCCHoH/9QwpKhco04/Mc9Gk7M4qPcucbfP+Uzr9p+ezC0bWvlEg==",
      "bin": {
        "uuid": "bin/uuid"
      }
    },
    "node_modules/verror": {
      "version": "1.10.0",
      "resolved": "https://registry.npmjs.org/verror/-/verror-1.10.0.tgz",
      "integrity": "sha512-voTnO9zGG/5KgzUrvLkjoP7gtGEdP35NY2yNEn7DgKIOu5O5ImCszbNBvX+KzON2/UaEvTka30M0hItbTF+9eA==",
      "dependencies": {
        "assert-plus": "1.0.0",
        "core-util-is": "1.0.2",
        "extsprintf": "1.3.0"
      }
    },
    "node_modules/wide-align": {
      "version": "1.1.5",
      "resolved": "https://registry.npmjs.org/wide-align/-/wide-align-1.1.5.tgz",
      "integrity": "sha512-eDMORYaPNZC5/vRoGy+wGkmGWTb3+a7osz6kq47RIzV6BSeNRhz+z80R0ER2z7u4ItjiYGXbxJvc6GCOtbM/Ow==",
      "dependencies": {
        "string-width": "^1.0.2 || 2 || 3 || 4"
      }
    },
    "node_modules/wrappy": {
      "version": "1.0.2",
      "resolved": "https://registry.npmjs.org/wrappy/-/wrappy-1.0.2.tgz",
      "integrity": "sha512-lpG1Q+oYtL1Rdf8tVUurFzwdztfqfMR4IIPh663yt+9LnkgzS3ZS1DZedz0I4JHvt0F8ELhjcIap/CEf7HBuvA=="
    }
  }
}